
Microsoft Visual Studio Solution File, Format Version 12.00
# Visual Studio 15
VisualStudioVersion = 15.0.28010.2036
MinimumVisualStudioVersion = 10.0.40219.1
Project("{FAE04EC0-301F-11D3-BF4B-00C04F79EFBC}") = "SimpleServer", "SimpleServer\SimpleServer.csproj", "{0BE61542-A65B-4985-BAFB-49BAC9E95FCD}"
EndProject
Project("{FAE04EC0-301F-11D3-BF4B-00C04F79EFBC}") = "SimpleClient", "SimpleClient\SimpleClient.csproj", "{4F8C2D77-6A00-4199-83D7-7BE6DA208DD4}"
EndProject
Project("{2150E333-8FDC-42A3-9474-1A3956D46DE8}") = "Solution Items", "Solution Items", "{3F15B39A-5630-42E3-9B65-B702BE0ADC36}"
	ProjectSection(SolutionItems) = preProject
		Class1.cs = Class1.cs
	EndProjectSection
EndProject
Project("{FAE04EC0-301F-11D3-BF4B-00C04F79EFBC}") = "TheChatClient", "TheChatClient\TheChatClient.csproj", "{F9A864BA-BAB9-42C1-B452-54CD8F632A81}"
EndProject
Project("{FAE04EC0-301F-11D3-BF4B-00C04F79EFBC}") = "Packets", "Packets\Packets.csproj", "{8689E7AD-8C32-4EF8-BBDC-0DE86B4CB207}"
EndProject
Global
	GlobalSection(SolutionConfigurationPlatforms) = preSolution
		Debug|Any CPU = Debug|Any CPU
		Release|Any CPU = Release|Any CPU
	EndGlobalSection
	GlobalSection(ProjectConfigurationPlatforms) = postSolution
		{0BE61542-A65B-4985-BAFB-49BAC9E95FCD}.Debug|Any CPU.ActiveCfg = Debug|Any CPU
		{0BE61542-A65B-4985-BAFB-49BAC9E95FCD}.Debug|Any CPU.Build.0 = Debug|Any CPU
		{0BE61542-A65B-4985-BAFB-49BAC9E95FCD}.Release|Any CPU.ActiveCfg = Release|Any CPU
		{0BE61542-A65B-4985-BAFB-49BAC9E95FCD}.Release|Any CPU.Build.0 = Release|Any CPU
		{4F8C2D77-6A00-4199-83D7-7BE6DA208DD4}.Debug|Any CPU.ActiveCfg = Debug|Any CPU
		{4F8C2D77-6A00-4199-83D7-7BE6DA208DD4}.Debug|Any CPU.Build.0 = Debug|Any CPU
		{4F8C2D77-6A00-4199-83D7-7BE6DA208DD4}.Release|Any CPU.ActiveCfg = Release|Any CPU
		{4F8C2D77-6A00-4199-83D7-7BE6DA208DD4}.Release|Any CPU.Build.0 = Release|Any CPU
		{F9A864BA-BAB9-42C1-B452-54CD8F632A81}.Debug|Any CPU.ActiveCfg = Debug|Any CPU
		{F9A864BA-BAB9-42C1-B452-54CD8F632A81}.Debug|Any CPU.Build.0 = Debug|Any CPU
		{F9A864BA-BAB9-42C1-B452-54CD8F632A81}.Release|Any CPU.ActiveCfg = Release|Any CPU
		{F9A864BA-BAB9-42C1-B452-54CD8F632A81}.Release|Any CPU.Build.0 = Release|Any CPU
		{8689E7AD-8C32-4EF8-BBDC-0DE86B4CB207}.Debug|Any CPU.ActiveCfg = Debug|Any CPU
		{8689E7AD-8C32-4EF8-BBDC-0DE86B4CB207}.Debug|Any CPU.Build.0 = Debug|Any CPU
		{8689E7AD-8C32-4EF8-BBDC-0DE86B4CB207}.Release|Any CPU.ActiveCfg = Release|Any CPU
		{8689E7AD-8C32-4EF8-BBDC-0DE86B4CB207}.Release|Any CPU.Build.0 = Release|Any CPU
	EndGlobalSection
	GlobalSection(SolutionProperties) = preSolution
		HideSolutionNode = FALSE
	EndGlobalSection
	GlobalSection(ExtensibilityGlobals) = postSolution
		SolutionGuid = {5C626542-CA7E-4996-8C93-AB39E29D3EFB}
	EndGlobalSection
EndGlobal
